
Microsoft Visual Studio Solution File, Format Version 12.00
# Visual Studio Version 17
VisualStudioVersion = 17.0.31903.59
MinimumVisualStudioVersion = 10.0.40219.1
Project("{2150E333-8FDC-42A3-9474-1A3956D46DE8}") = "src", "src", "{827E0CD3-B72D-47B6-A68D-7590B98EB39B}"
EndProject
Project("{FAE04EC0-301F-11D3-BF4B-00C04F79EFBC}") = "Innovengers.Web", "src\Innovengers.Web\Innovengers.Web.csproj", "{375CFAF6-AC38-4340-8E5F-109B7353F6DB}"
EndProject
Project("{2150E333-8FDC-42A3-9474-1A3956D46DE8}") = "Innovengers.API", "Innovengers.API", "{1A77EA84-E9D9-7F2C-93D0-C331555FA50B}"
EndProject
Project("{2150E333-8FDC-42A3-9474-1A3956D46DE8}") = "Services", "Services", "{38719FF4-1F1A-376D-F398-C554B57711BC}"
EndProject
Project("{FAE04EC0-301F-11D3-BF4B-00C04F79EFBC}") = "Configs.API", "src\Innovengers.API\Services\Configs.API\Configs.API.csproj", "{68A2E0EE-A415-481D-BEC6-EC3729E1A719}"
EndProject
Project("{FAE04EC0-301F-11D3-BF4B-00C04F79EFBC}") = "Identity.API", "src\Innovengers.API\Services\Identity.API\Identity.API.csproj", "{355D5C19-EC7F-4E06-9C76-9E47F3D400B4}"
EndProject
Project("{2150E333-8FDC-42A3-9474-1A3956D46DE8}") = "Common", "Common", "{506AB416-EC7A-4EC0-5C38-CE26A028F729}"
EndProject
Project("{FAE04EC0-301F-11D3-BF4B-00C04F79EFBC}") = "Innovengers.API.Common", "src\Innovengers.API\Common\Innovengers.API.Common\Innovengers.API.Common.csproj", "{1D9DC512-A2EA-4362-9FE5-32146CF66DC7}"
EndProject
Project("{2150E333-8FDC-42A3-9474-1A3956D46DE8}") = "Client", "Client", "{2C322DA1-9D96-AFAC-D8BA-0AC9D504B20E}"
EndProject
Project("{FAE04EC0-301F-11D3-BF4B-00C04F79EFBC}") = "Innovengers.API.Client", "src\Innovengers.API\Client\Innovengers.API.Client\Innovengers.API.Client.csproj", "{3F05A419-78C8-4151-A77F-0F010AF33FA7}"
EndProject
Global
	GlobalSection(SolutionConfigurationPlatforms) = preSolution
		Debug|Any CPU = Debug|Any CPU
		Debug|x64 = Debug|x64
		Debug|x86 = Debug|x86
		Release|Any CPU = Release|Any CPU
		Release|x64 = Release|x64
		Release|x86 = Release|x86
	EndGlobalSection
	GlobalSection(ProjectConfigurationPlatforms) = postSolution
		{375CFAF6-AC38-4340-8E5F-109B7353F6DB}.Debug|Any CPU.ActiveCfg = Debug|Any CPU
		{375CFAF6-AC38-4340-8E5F-109B7353F6DB}.Debug|Any CPU.Build.0 = Debug|Any CPU
		{375CFAF6-AC38-4340-8E5F-109B7353F6DB}.Debug|x64.ActiveCfg = Debug|Any CPU
		{375CFAF6-AC38-4340-8E5F-109B7353F6DB}.Debug|x64.Build.0 = Debug|Any CPU
		{375CFAF6-AC38-4340-8E5F-109B7353F6DB}.Debug|x86.ActiveCfg = Debug|Any CPU
		{375CFAF6-AC38-4340-8E5F-109B7353F6DB}.Debug|x86.Build.0 = Debug|Any CPU
		{375CFAF6-AC38-4340-8E5F-109B7353F6DB}.Release|Any CPU.ActiveCfg = Release|Any CPU
		{375CFAF6-AC38-4340-8E5F-109B7353F6DB}.Release|Any CPU.Build.0 = Release|Any CPU
		{375CFAF6-AC38-4340-8E5F-109B7353F6DB}.Release|x64.ActiveCfg = Release|Any CPU
		{375CFAF6-AC38-4340-8E5F-109B7353F6DB}.Release|x64.Build.0 = Release|Any CPU
		{375CFAF6-AC38-4340-8E5F-109B7353F6DB}.Release|x86.ActiveCfg = Release|Any CPU
		{375CFAF6-AC38-4340-8E5F-109B7353F6DB}.Release|x86.Build.0 = Release|Any CPU
		{68A2E0EE-A415-481D-BEC6-EC3729E1A719}.Debug|Any CPU.ActiveCfg = Debug|Any CPU
		{68A2E0EE-A415-481D-BEC6-EC3729E1A719}.Debug|Any CPU.Build.0 = Debug|Any CPU
		{68A2E0EE-A415-481D-BEC6-EC3729E1A719}.Debug|x64.ActiveCfg = Debug|Any CPU
		{68A2E0EE-A415-481D-BEC6-EC3729E1A719}.Debug|x64.Build.0 = Debug|Any CPU
		{68A2E0EE-A415-481D-BEC6-EC3729E1A719}.Debug|x86.ActiveCfg = Debug|Any CPU
		{68A2E0EE-A415-481D-BEC6-EC3729E1A719}.Debug|x86.Build.0 = Debug|Any CPU
		{68A2E0EE-A415-481D-BEC6-EC3729E1A719}.Release|Any CPU.ActiveCfg = Release|Any CPU
		{68A2E0EE-A415-481D-BEC6-EC3729E1A719}.Release|Any CPU.Build.0 = Release|Any CPU
		{68A2E0EE-A415-481D-BEC6-EC3729E1A719}.Release|x64.ActiveCfg = Release|Any CPU
		{68A2E0EE-A415-481D-BEC6-EC3729E1A719}.Release|x64.Build.0 = Release|Any CPU
		{68A2E0EE-A415-481D-BEC6-EC3729E1A719}.Release|x86.ActiveCfg = Release|Any CPU
		{68A2E0EE-A415-481D-BEC6-EC3729E1A719}.Release|x86.Build.0 = Release|Any CPU
		{355D5C19-EC7F-4E06-9C76-9E47F3D400B4}.Debug|Any CPU.ActiveCfg = Debug|Any CPU
		{355D5C19-EC7F-4E06-9C76-9E47F3D400B4}.Debug|Any CPU.Build.0 = Debug|Any CPU
		{355D5C19-EC7F-4E06-9C76-9E47F3D400B4}.Debug|x64.ActiveCfg = Debug|Any CPU
		{355D5C19-EC7F-4E06-9C76-9E47F3D400B4}.Debug|x64.Build.0 = Debug|Any CPU
		{355D5C19-EC7F-4E06-9C76-9E47F3D400B4}.Debug|x86.ActiveCfg = Debug|Any CPU
		{355D5C19-EC7F-4E06-9C76-9E47F3D400B4}.Debug|x86.Build.0 = Debug|Any CPU
		{355D5C19-EC7F-4E06-9C76-9E47F3D400B4}.Release|Any CPU.ActiveCfg = Release|Any CPU
		{355D5C19-EC7F-4E06-9C76-9E47F3D400B4}.Release|Any CPU.Build.0 = Release|Any CPU
		{355D5C19-EC7F-4E06-9C76-9E47F3D400B4}.Release|x64.ActiveCfg = Release|Any CPU
		{355D5C19-EC7F-4E06-9C76-9E47F3D400B4}.Release|x64.Build.0 = Release|Any CPU
		{355D5C19-EC7F-4E06-9C76-9E47F3D400B4}.Release|x86.ActiveCfg = Release|Any CPU
		{355D5C19-EC7F-4E06-9C76-9E47F3D400B4}.Release|x86.Build.0 = Release|Any CPU
		{1D9DC512-A2EA-4362-9FE5-32146CF66DC7}.Debug|Any CPU.ActiveCfg = Debug|Any CPU
		{1D9DC512-A2EA-4362-9FE5-32146CF66DC7}.Debug|Any CPU.Build.0 = Debug|Any CPU
		{1D9DC512-A2EA-4362-9FE5-32146CF66DC7}.Debug|x64.ActiveCfg = Debug|Any CPU
		{1D9DC512-A2EA-4362-9FE5-32146CF66DC7}.Debug|x64.Build.0 = Debug|Any CPU
		{1D9DC512-A2EA-4362-9FE5-32146CF66DC7}.Debug|x86.ActiveCfg = Debug|Any CPU
		{1D9DC512-A2EA-4362-9FE5-32146CF66DC7}.Debug|x86.Build.0 = Debug|Any CPU
		{1D9DC512-A2EA-4362-9FE5-32146CF66DC7}.Release|Any CPU.ActiveCfg = Release|Any CPU
		{1D9DC512-A2EA-4362-9FE5-32146CF66DC7}.Release|Any CPU.Build.0 = Release|Any CPU
		{1D9DC512-A2EA-4362-9FE5-32146CF66DC7}.Release|x64.ActiveCfg = Release|Any CPU
		{1D9DC512-A2EA-4362-9FE5-32146CF66DC7}.Release|x64.Build.0 = Release|Any CPU
		{1D9DC512-A2EA-4362-9FE5-32146CF66DC7}.Release|x86.ActiveCfg = Release|Any CPU
		{1D9DC512-A2EA-4362-9FE5-32146CF66DC7}.Release|x86.Build.0 = Release|Any CPU
		{3F05A419-78C8-4151-A77F-0F010AF33FA7}.Debug|Any CPU.ActiveCfg = Debug|Any CPU
		{3F05A419-78C8-4151-A77F-0F010AF33FA7}.Debug|Any CPU.Build.0 = Debug|Any CPU
		{3F05A419-78C8-4151-A77F-0F010AF33FA7}.Debug|x64.ActiveCfg = Debug|Any CPU
		{3F05A419-78C8-4151-A77F-0F010AF33FA7}.Debug|x64.Build.0 = Debug|Any CPU
		{3F05A419-78C8-4151-A77F-0F010AF33FA7}.Debug|x86.ActiveCfg = Debug|Any CPU
		{3F05A419-78C8-4151-A77F-0F010AF33FA7}.Debug|x86.Build.0 = Debug|Any CPU
		{3F05A419-78C8-4151-A77F-0F010AF33FA7}.Release|Any CPU.ActiveCfg = Release|Any CPU
		{3F05A419-78C8-4151-A77F-0F010AF33FA7}.Release|Any CPU.Build.0 = Release|Any CPU
		{3F05A419-78C8-4151-A77F-0F010AF33FA7}.Release|x64.ActiveCfg = Release|Any CPU
		{3F05A419-78C8-4151-A77F-0F010AF33FA7}.Release|x64.Build.0 = Release|Any CPU
		{3F05A419-78C8-4151-A77F-0F010AF33FA7}.Release|x86.ActiveCfg = Release|Any CPU
		{3F05A419-78C8-4151-A77F-0F010AF33FA7}.Release|x86.Build.0 = Release|Any CPU
	EndGlobalSection
	GlobalSection(SolutionProperties) = preSolution
		HideSolutionNode = FALSE
	EndGlobalSection
	GlobalSection(NestedProjects) = preSolution
		{375CFAF6-AC38-4340-8E5F-109B7353F6DB} = {827E0CD3-B72D-47B6-A68D-7590B98EB39B}
		{1A77EA84-E9D9-7F2C-93D0-C331555FA50B} = {827E0CD3-B72D-47B6-A68D-7590B98EB39B}
		{38719FF4-1F1A-376D-F398-C554B57711BC} = {1A77EA84-E9D9-7F2C-93D0-C331555FA50B}
		{68A2E0EE-A415-481D-BEC6-EC3729E1A719} = {38719FF4-1F1A-376D-F398-C554B57711BC}
		{355D5C19-EC7F-4E06-9C76-9E47F3D400B4} = {38719FF4-1F1A-376D-F398-C554B57711BC}
		{506AB416-EC7A-4EC0-5C38-CE26A028F729} = {1A77EA84-E9D9-7F2C-93D0-C331555FA50B}
		{1D9DC512-A2EA-4362-9FE5-32146CF66DC7} = {506AB416-EC7A-4EC0-5C38-CE26A028F729}
		{2C322DA1-9D96-AFAC-D8BA-0AC9D504B20E} = {1A77EA84-E9D9-7F2C-93D0-C331555FA50B}
		{3F05A419-78C8-4151-A77F-0F010AF33FA7} = {2C322DA1-9D96-AFAC-D8BA-0AC9D504B20E}
	EndGlobalSection
EndGlobal
